
Microsoft Visual Studio Solution File, Format Version 12.00
# Visual Studio Version 16
VisualStudioVersion = 16.0.31729.503
MinimumVisualStudioVersion = 10.0.40219.1
Project("{FAE04EC0-301F-11D3-BF4B-00C04F79EFBC}") = "testViewWith2model", "testViewWith2model\testViewWith2model.csproj", "{DDBA0EC2-6F1B-42D9-A9A9-9D645657FC0C}"
EndProject
Global
	GlobalSection(SolutionConfigurationPlatforms) = preSolution
		Debug|Any CPU = Debug|Any CPU
		Release|Any CPU = Release|Any CPU
	EndGlobalSection
	GlobalSection(ProjectConfigurationPlatforms) = postSolution
		{DDBA0EC2-6F1B-42D9-A9A9-9D645657FC0C}.Debug|Any CPU.ActiveCfg = Debug|Any CPU
		{DDBA0EC2-6F1B-42D9-A9A9-9D645657FC0C}.Debug|Any CPU.Build.0 = Debug|Any CPU
		{DDBA0EC2-6F1B-42D9-A9A9-9D645657FC0C}.Release|Any CPU.ActiveCfg = Release|Any CPU
		{DDBA0EC2-6F1B-42D9-A9A9-9D645657FC0C}.Release|Any CPU.Build.0 = Release|Any CPU
	EndGlobalSection
	GlobalSection(SolutionProperties) = preSolution
		HideSolutionNode = FALSE
	EndGlobalSection
	GlobalSection(ExtensibilityGlobals) = postSolution
		SolutionGuid = {8D7E5B45-958F-49F8-BA2A-AD2405EDE678}
	EndGlobalSection
EndGlobal
